// !$*UTF8*$!
{
	archiveVersion = 1;
	classes = {
	};
	objectVersion = 56;
	objects = {

/* Begin PBXBuildFile section */
		F01BAEE32C3D29D9009D6289 /* BindingVC.swift in Sources */ = {isa = PBXBuildFile; fileRef = F01BAEE22C3D29D9009D6289 /* BindingVC.swift */; };
		F01BAEE52C3D341A009D6289 /* IfelseVC.swift in Sources */ = {isa = PBXBuildFile; fileRef = F01BAEE42C3D341A009D6289 /* IfelseVC.swift */; };
		F01BAEE72C3D3CF0009D6289 /* AnimationVC.swift in Sources */ = {isa = PBXBuildFile; fileRef = F01BAEE62C3D3CF0009D6289 /* AnimationVC.swift */; };
		F01BAEEA2C3D541C009D6289 /* TransistionVC.swift in Sources */ = {isa = PBXBuildFile; fileRef = F01BAEE92C3D541C009D6289 /* TransistionVC.swift */; };
		F01BAEEC2C3D5B7A009D6289 /* SheetVC.swift in Sources */ = {isa = PBXBuildFile; fileRef = F01BAEEB2C3D5B7A009D6289 /* SheetVC.swift */; };
		F01BAEEE2C3D60BF009D6289 /* SheetanimationVC.swift in Sources */ = {isa = PBXBuildFile; fileRef = F01BAEED2C3D60BF009D6289 /* SheetanimationVC.swift */; };
		F09FC7922C297DD700D88866 /* SwiftUIConceptsApp.swift in Sources */ = {isa = PBXBuildFile; fileRef = F09FC7912C297DD700D88866 /* SwiftUIConceptsApp.swift */; };
		F09FC7942C297DD700D88866 /* ContentView.swift in Sources */ = {isa = PBXBuildFile; fileRef = F09FC7932C297DD700D88866 /* ContentView.swift */; };
		F09FC7962C297DD800D88866 /* Assets.xcassets in Resources */ = {isa = PBXBuildFile; fileRef = F09FC7952C297DD800D88866 /* Assets.xcassets */; };
		F09FC7992C297DD800D88866 /* Preview Assets.xcassets in Resources */ = {isa = PBXBuildFile; fileRef = F09FC7982C297DD800D88866 /* Preview Assets.xcassets */; };
		F09FC7A32C297DD800D88866 /* SwiftUIConceptsTests.swift in Sources */ = {isa = PBXBuildFile; fileRef = F09FC7A22C297DD800D88866 /* SwiftUIConceptsTests.swift */; };
		F09FC7AD2C297DD800D88866 /* SwiftUIConceptsUITests.swift in Sources */ = {isa = PBXBuildFile; fileRef = F09FC7AC2C297DD800D88866 /* SwiftUIConceptsUITests.swift */; };
		F09FC7AF2C297DD800D88866 /* SwiftUIConceptsUITestsLaunchTests.swift in Sources */ = {isa = PBXBuildFile; fileRef = F09FC7AE2C297DD800D88866 /* SwiftUIConceptsUITestsLaunchTests.swift */; };
		F09FC7BD2C297E6200D88866 /* NetworkManager.swift in Sources */ = {isa = PBXBuildFile; fileRef = F09FC7BC2C297E6200D88866 /* NetworkManager.swift */; };
		F09FC7C02C2986DD00D88866 /* ProductModel.swift in Sources */ = {isa = PBXBuildFile; fileRef = F09FC7BF2C2986DD00D88866 /* ProductModel.swift */; };
		F0D11F092C3E4EC7001C866E /* navigationVC.swift in Sources */ = {isa = PBXBuildFile; fileRef = F0D11F082C3E4EC7001C866E /* navigationVC.swift */; };
		F0D11F0B2C3E6406001C866E /* ListVC.swift in Sources */ = {isa = PBXBuildFile; fileRef = F0D11F0A2C3E6406001C866E /* ListVC.swift */; };
		F0D11F0F2C3E749A001C866E /* AlertVC.swift in Sources */ = {isa = PBXBuildFile; fileRef = F0D11F0E2C3E749A001C866E /* AlertVC.swift */; };
		F0D11F132C3E7A00001C866E /* ActionSheetVC.swift in Sources */ = {isa = PBXBuildFile; fileRef = F0D11F122C3E7A00001C866E /* ActionSheetVC.swift */; };
		F0D11F172C3E903F001C866E /* ContextMenu.swift in Sources */ = {isa = PBXBuildFile; fileRef = F0D11F162C3E903F001C866E /* ContextMenu.swift */; };
		F0D284302C3BFC790009CFB7 /* ForEachBootcamp.swift in Sources */ = {isa = PBXBuildFile; fileRef = F0D2842F2C3BFC790009CFB7 /* ForEachBootcamp.swift */; };
		F0D284322C3BFF150009CFB7 /* ScrollViewVC.swift in Sources */ = {isa = PBXBuildFile; fileRef = F0D284312C3BFF150009CFB7 /* ScrollViewVC.swift */; };
		F0D284362C3C04710009CFB7 /* GridViewVC.swift in Sources */ = {isa = PBXBuildFile; fileRef = F0D284352C3C04710009CFB7 /* GridViewVC.swift */; };
		F0D284382C3C09520009CFB7 /* SafeAreaVC.swift in Sources */ = {isa = PBXBuildFile; fileRef = F0D284372C3C09520009CFB7 /* SafeAreaVC.swift */; };
		F0D2843A2C3C0EE10009CFB7 /* ButtonVC.swift in Sources */ = {isa = PBXBuildFile; fileRef = F0D284392C3C0EE10009CFB7 /* ButtonVC.swift */; };
		F0D7BC9B2C3F99B50034779C /* TextfieldVC.swift in Sources */ = {isa = PBXBuildFile; fileRef = F0D7BC9A2C3F99B50034779C /* TextfieldVC.swift */; };
		F0D7BC9D2C3FA2FE0034779C /* TextEditorVC.swift in Sources */ = {isa = PBXBuildFile; fileRef = F0D7BC9C2C3FA2FE0034779C /* TextEditorVC.swift */; };
		F0D7BC9F2C3FB7D00034779C /* ToggleVC.swift in Sources */ = {isa = PBXBuildFile; fileRef = F0D7BC9E2C3FB7D00034779C /* ToggleVC.swift */; };
		F0D7BCA12C3FBB1E0034779C /* PickerVC.swift in Sources */ = {isa = PBXBuildFile; fileRef = F0D7BCA02C3FBB1E0034779C /* PickerVC.swift */; };
		F0D7BCA52C3FC8190034779C /* ColorPickerVC.swift in Sources */ = {isa = PBXBuildFile; fileRef = F0D7BCA42C3FC8190034779C /* ColorPickerVC.swift */; };
		F0F6A8322C3CFAD6002BD693 /* StateVC.swift in Sources */ = {isa = PBXBuildFile; fileRef = F0F6A8312C3CFAD6002BD693 /* StateVC.swift */; };
		F0F6A8342C3D0845002BD693 /* ViewVC.swift in Sources */ = {isa = PBXBuildFile; fileRef = F0F6A8332C3D0845002BD693 /* ViewVC.swift */; };
/* End PBXBuildFile section */

/* Begin PBXContainerItemProxy section */
		F09FC79F2C297DD800D88866 /* PBXContainerItemProxy */ = {
			isa = PBXContainerItemProxy;
			containerPortal = F09FC7862C297DD700D88866 /* Project object */;
			proxyType = 1;
			remoteGlobalIDString = F09FC78D2C297DD700D88866;
			remoteInfo = SwiftUIConcepts;
		};
		F09FC7A92C297DD800D88866 /* PBXContainerItemProxy */ = {
			isa = PBXContainerItemProxy;
			containerPortal = F09FC7862C297DD700D88866 /* Project object */;
			proxyType = 1;
			remoteGlobalIDString = F09FC78D2C297DD700D88866;
			remoteInfo = SwiftUIConcepts;
		};
/* End PBXContainerItemProxy section */

/* Begin PBXFileReference section */
		F01BAEE22C3D29D9009D6289 /* BindingVC.swift */ = {isa = PBXFileReference; lastKnownFileType = sourcecode.swift; path = BindingVC.swift; sourceTree = "<group>"; };
		F01BAEE42C3D341A009D6289 /* IfelseVC.swift */ = {isa = PBXFileReference; lastKnownFileType = sourcecode.swift; path = IfelseVC.swift; sourceTree = "<group>"; };
		F01BAEE62C3D3CF0009D6289 /* AnimationVC.swift */ = {isa = PBXFileReference; lastKnownFileType = sourcecode.swift; path = AnimationVC.swift; sourceTree = "<group>"; };
		F01BAEE92C3D541C009D6289 /* TransistionVC.swift */ = {isa = PBXFileReference; lastKnownFileType = sourcecode.swift; path = TransistionVC.swift; sourceTree = "<group>"; };
		F01BAEEB2C3D5B7A009D6289 /* SheetVC.swift */ = {isa = PBXFileReference; lastKnownFileType = sourcecode.swift; path = SheetVC.swift; sourceTree = "<group>"; };
		F01BAEED2C3D60BF009D6289 /* SheetanimationVC.swift */ = {isa = PBXFileReference; lastKnownFileType = sourcecode.swift; path = SheetanimationVC.swift; sourceTree = "<group>"; };
		F02634B42C2BDC58006CFEC8 /* SerialConcurrentQueue.playground */ = {isa = PBXFileReference; lastKnownFileType = file.playground; path = SerialConcurrentQueue.playground; sourceTree = "<group>"; xcLanguageSpecificationIdentifier = xcode.lang.swift; };
		F038C80A2C33E88F00A7480A /* MyPlayground.playground */ = {isa = PBXFileReference; lastKnownFileType = file.playground; path = MyPlayground.playground; sourceTree = "<group>"; xcLanguageSpecificationIdentifier = xcode.lang.swift; };
		F08B88132C2EE15300E1986D /* SwiftUIConcepts.entitlements */ = {isa = PBXFileReference; lastKnownFileType = text.plist.entitlements; path = SwiftUIConcepts.entitlements; sourceTree = "<group>"; };
		F09FC78E2C297DD700D88866 /* SwiftUIConcepts.app */ = {isa = PBXFileReference; explicitFileType = wrapper.application; includeInIndex = 0; path = SwiftUIConcepts.app; sourceTree = BUILT_PRODUCTS_DIR; };
		F09FC7912C297DD700D88866 /* SwiftUIConceptsApp.swift */ = {isa = PBXFileReference; lastKnownFileType = sourcecode.swift; path = SwiftUIConceptsApp.swift; sourceTree = "<group>"; };
		F09FC7932C297DD700D88866 /* ContentView.swift */ = {isa = PBXFileReference; lastKnownFileType = sourcecode.swift; path = ContentView.swift; sourceTree = "<group>"; };
		F09FC7952C297DD800D88866 /* Assets.xcassets */ = {isa = PBXFileReference; lastKnownFileType = folder.assetcatalog; path = Assets.xcassets; sourceTree = "<group>"; };
		F09FC7982C297DD800D88866 /* Preview Assets.xcassets */ = {isa = PBXFileReference; lastKnownFileType = folder.assetcatalog; path = "Preview Assets.xcassets"; sourceTree = "<group>"; };
		F09FC79E2C297DD800D88866 /* SwiftUIConceptsTests.xctest */ = {isa = PBXFileReference; explicitFileType = wrapper.cfbundle; includeInIndex = 0; path = SwiftUIConceptsTests.xctest; sourceTree = BUILT_PRODUCTS_DIR; };
		F09FC7A22C297DD800D88866 /* SwiftUIConceptsTests.swift */ = {isa = PBXFileReference; lastKnownFileType = sourcecode.swift; path = SwiftUIConceptsTests.swift; sourceTree = "<group>"; };
		F09FC7A82C297DD800D88866 /* SwiftUIConceptsUITests.xctest */ = {isa = PBXFileReference; explicitFileType = wrapper.cfbundle; includeInIndex = 0; path = SwiftUIConceptsUITests.xctest; sourceTree = BUILT_PRODUCTS_DIR; };
		F09FC7AC2C297DD800D88866 /* SwiftUIConceptsUITests.swift */ = {isa = PBXFileReference; lastKnownFileType = sourcecode.swift; path = SwiftUIConceptsUITests.swift; sourceTree = "<group>"; };
		F09FC7AE2C297DD800D88866 /* SwiftUIConceptsUITestsLaunchTests.swift */ = {isa = PBXFileReference; lastKnownFileType = sourcecode.swift; path = SwiftUIConceptsUITestsLaunchTests.swift; sourceTree = "<group>"; };
		F09FC7BC2C297E6200D88866 /* NetworkManager.swift */ = {isa = PBXFileReference; lastKnownFileType = sourcecode.swift; path = NetworkManager.swift; sourceTree = "<group>"; };
		F09FC7BF2C2986DD00D88866 /* ProductModel.swift */ = {isa = PBXFileReference; lastKnownFileType = sourcecode.swift; path = ProductModel.swift; sourceTree = "<group>"; };
		F0D11F082C3E4EC7001C866E /* navigationVC.swift */ = {isa = PBXFileReference; lastKnownFileType = sourcecode.swift; path = navigationVC.swift; sourceTree = "<group>"; };
		F0D11F0A2C3E6406001C866E /* ListVC.swift */ = {isa = PBXFileReference; lastKnownFileType = sourcecode.swift; path = ListVC.swift; sourceTree = "<group>"; };
		F0D11F0E2C3E749A001C866E /* AlertVC.swift */ = {isa = PBXFileReference; lastKnownFileType = sourcecode.swift; path = AlertVC.swift; sourceTree = "<group>"; };
		F0D11F122C3E7A00001C866E /* ActionSheetVC.swift */ = {isa = PBXFileReference; lastKnownFileType = sourcecode.swift; path = ActionSheetVC.swift; sourceTree = "<group>"; };
		F0D11F162C3E903F001C866E /* ContextMenu.swift */ = {isa = PBXFileReference; lastKnownFileType = sourcecode.swift; path = ContextMenu.swift; sourceTree = "<group>"; };
		F0D2842F2C3BFC790009CFB7 /* ForEachBootcamp.swift */ = {isa = PBXFileReference; lastKnownFileType = sourcecode.swift; path = ForEachBootcamp.swift; sourceTree = "<group>"; };
		F0D284312C3BFF150009CFB7 /* ScrollViewVC.swift */ = {isa = PBXFileReference; lastKnownFileType = sourcecode.swift; path = ScrollViewVC.swift; sourceTree = "<group>"; };
		F0D284352C3C04710009CFB7 /* GridViewVC.swift */ = {isa = PBXFileReference; lastKnownFileType = sourcecode.swift; path = GridViewVC.swift; sourceTree = "<group>"; };
		F0D284372C3C09520009CFB7 /* SafeAreaVC.swift */ = {isa = PBXFileReference; lastKnownFileType = sourcecode.swift; path = SafeAreaVC.swift; sourceTree = "<group>"; };
		F0D284392C3C0EE10009CFB7 /* ButtonVC.swift */ = {isa = PBXFileReference; lastKnownFileType = sourcecode.swift; path = ButtonVC.swift; sourceTree = "<group>"; };
		F0D7BC9A2C3F99B50034779C /* TextfieldVC.swift */ = {isa = PBXFileReference; lastKnownFileType = sourcecode.swift; path = TextfieldVC.swift; sourceTree = "<group>"; };
		F0D7BC9C2C3FA2FE0034779C /* TextEditorVC.swift */ = {isa = PBXFileReference; lastKnownFileType = sourcecode.swift; path = TextEditorVC.swift; sourceTree = "<group>"; };
		F0D7BC9E2C3FB7D00034779C /* ToggleVC.swift */ = {isa = PBXFileReference; lastKnownFileType = sourcecode.swift; path = ToggleVC.swift; sourceTree = "<group>"; };
		F0D7BCA02C3FBB1E0034779C /* PickerVC.swift */ = {isa = PBXFileReference; lastKnownFileType = sourcecode.swift; path = PickerVC.swift; sourceTree = "<group>"; };
		F0D7BCA42C3FC8190034779C /* ColorPickerVC.swift */ = {isa = PBXFileReference; lastKnownFileType = sourcecode.swift; path = ColorPickerVC.swift; sourceTree = "<group>"; };
		F0F6A8312C3CFAD6002BD693 /* StateVC.swift */ = {isa = PBXFileReference; lastKnownFileType = sourcecode.swift; path = StateVC.swift; sourceTree = "<group>"; };
		F0F6A8332C3D0845002BD693 /* ViewVC.swift */ = {isa = PBXFileReference; lastKnownFileType = sourcecode.swift; path = ViewVC.swift; sourceTree = "<group>"; };
/* End PBXFileReference section */

/* Begin PBXFrameworksBuildPhase section */
		F09FC78B2C297DD700D88866 /* Frameworks */ = {
			isa = PBXFrameworksBuildPhase;
			buildActionMask = 2147483647;
			files = (
			);
			runOnlyForDeploymentPostprocessing = 0;
		};
		F09FC79B2C297DD800D88866 /* Frameworks */ = {
			isa = PBXFrameworksBuildPhase;
			buildActionMask = 2147483647;
			files = (
			);
			runOnlyForDeploymentPostprocessing = 0;
		};
		F09FC7A52C297DD800D88866 /* Frameworks */ = {
			isa = PBXFrameworksBuildPhase;
			buildActionMask = 2147483647;
			files = (
			);
			runOnlyForDeploymentPostprocessing = 0;
		};
/* End PBXFrameworksBuildPhase section */

/* Begin PBXGroup section */
		F02634B22C2BD79B006CFEC8 /* playground */ = {
			isa = PBXGroup;
			children = (
				F038C8092C33E87600A7480A /* basic */,
				F038C8082C33E86500A7480A /* Concurrancy */,
			);
			path = playground;
			sourceTree = "<group>";
		};
		F038C8082C33E86500A7480A /* Concurrancy */ = {
			isa = PBXGroup;
			children = (
				F02634B42C2BDC58006CFEC8 /* SerialConcurrentQueue.playground */,
			);
			path = Concurrancy;
			sourceTree = "<group>";
		};
		F038C8092C33E87600A7480A /* basic */ = {
			isa = PBXGroup;
			children = (
				F038C80A2C33E88F00A7480A /* MyPlayground.playground */,
			);
			path = basic;
			sourceTree = "<group>";
		};
		F09FC7852C297DD700D88866 = {
			isa = PBXGroup;
			children = (
				F09FC7902C297DD700D88866 /* SwiftUIConcepts */,
				F09FC7A12C297DD800D88866 /* SwiftUIConceptsTests */,
				F09FC7AB2C297DD800D88866 /* SwiftUIConceptsUITests */,
				F09FC78F2C297DD700D88866 /* Products */,
			);
			sourceTree = "<group>";
		};
		F09FC78F2C297DD700D88866 /* Products */ = {
			isa = PBXGroup;
			children = (
				F09FC78E2C297DD700D88866 /* SwiftUIConcepts.app */,
				F09FC79E2C297DD800D88866 /* SwiftUIConceptsTests.xctest */,
				F09FC7A82C297DD800D88866 /* SwiftUIConceptsUITests.xctest */,
			);
			name = Products;
			sourceTree = "<group>";
		};
		F09FC7902C297DD700D88866 /* SwiftUIConcepts */ = {
			isa = PBXGroup;
			children = (
				F08B88132C2EE15300E1986D /* SwiftUIConcepts.entitlements */,
				F02634B22C2BD79B006CFEC8 /* playground */,
				F09FC7BE2C2986CB00D88866 /* Model */,
				F09FC7BB2C297E4F00D88866 /* NetworkManager */,
				F09FC7912C297DD700D88866 /* SwiftUIConceptsApp.swift */,
				F0D2842F2C3BFC790009CFB7 /* ForEachBootcamp.swift */,
				F0D284312C3BFF150009CFB7 /* ScrollViewVC.swift */,
				F09FC7932C297DD700D88866 /* ContentView.swift */,
				F0D284352C3C04710009CFB7 /* GridViewVC.swift */,
				F0D284372C3C09520009CFB7 /* SafeAreaVC.swift */,
				F0D284392C3C0EE10009CFB7 /* ButtonVC.swift */,
				F0F6A8312C3CFAD6002BD693 /* StateVC.swift */,
				F0F6A8332C3D0845002BD693 /* ViewVC.swift */,
				F01BAEE22C3D29D9009D6289 /* BindingVC.swift */,
				F01BAEE42C3D341A009D6289 /* IfelseVC.swift */,
				F01BAEE62C3D3CF0009D6289 /* AnimationVC.swift */,
				F01BAEE92C3D541C009D6289 /* TransistionVC.swift */,
				F01BAEEB2C3D5B7A009D6289 /* SheetVC.swift */,
				F01BAEED2C3D60BF009D6289 /* SheetanimationVC.swift */,
				F0D11F082C3E4EC7001C866E /* navigationVC.swift */,
				F0D11F0A2C3E6406001C866E /* ListVC.swift */,
				F0D11F0E2C3E749A001C866E /* AlertVC.swift */,
				F0D11F122C3E7A00001C866E /* ActionSheetVC.swift */,
				F0D11F162C3E903F001C866E /* ContextMenu.swift */,
				F0D7BC9A2C3F99B50034779C /* TextfieldVC.swift */,
				F0D7BC9C2C3FA2FE0034779C /* TextEditorVC.swift */,
				F0D7BC9E2C3FB7D00034779C /* ToggleVC.swift */,
				F0D7BCA02C3FBB1E0034779C /* PickerVC.swift */,
				F0D7BCA42C3FC8190034779C /* ColorPickerVC.swift */,
				F09FC7952C297DD800D88866 /* Assets.xcassets */,
				F09FC7972C297DD800D88866 /* Preview Content */,
			);
			path = SwiftUIConcepts;
			sourceTree = "<group>";
		};
		F09FC7972C297DD800D88866 /* Preview Content */ = {
			isa = PBXGroup;
			children = (
				F09FC7982C297DD800D88866 /* Preview Assets.xcassets */,
			);
			path = "Preview Content";
			sourceTree = "<group>";
		};
		F09FC7A12C297DD800D88866 /* SwiftUIConceptsTests */ = {
			isa = PBXGroup;
			children = (
				F09FC7A22C297DD800D88866 /* SwiftUIConceptsTests.swift */,
			);
			path = SwiftUIConceptsTests;
			sourceTree = "<group>";
		};
		F09FC7AB2C297DD800D88866 /* SwiftUIConceptsUITests */ = {
			isa = PBXGroup;
			children = (
				F09FC7AC2C297DD800D88866 /* SwiftUIConceptsUITests.swift */,
				F09FC7AE2C297DD800D88866 /* SwiftUIConceptsUITestsLaunchTests.swift */,
			);
			path = SwiftUIConceptsUITests;
			sourceTree = "<group>";
		};
		F09FC7BB2C297E4F00D88866 /* NetworkManager */ = {
			isa = PBXGroup;
			children = (
				F09FC7BC2C297E6200D88866 /* NetworkManager.swift */,
			);
			path = NetworkManager;
			sourceTree = "<group>";
		};
		F09FC7BE2C2986CB00D88866 /* Model */ = {
			isa = PBXGroup;
			children = (
				F09FC7BF2C2986DD00D88866 /* ProductModel.swift */,
			);
			path = Model;
			sourceTree = "<group>";
		};
/* End PBXGroup section */

/* Begin PBXNativeTarget section */
		F09FC78D2C297DD700D88866 /* SwiftUIConcepts */ = {
			isa = PBXNativeTarget;
			buildConfigurationList = F09FC7B22C297DD800D88866 /* Build configuration list for PBXNativeTarget "SwiftUIConcepts" */;
			buildPhases = (
				F09FC78A2C297DD700D88866 /* Sources */,
				F09FC78B2C297DD700D88866 /* Frameworks */,
				F09FC78C2C297DD700D88866 /* Resources */,
			);
			buildRules = (
			);
			dependencies = (
			);
			name = SwiftUIConcepts;
			productName = SwiftUIConcepts;
			productReference = F09FC78E2C297DD700D88866 /* SwiftUIConcepts.app */;
			productType = "com.apple.product-type.application";
		};
		F09FC79D2C297DD800D88866 /* SwiftUIConceptsTests */ = {
			isa = PBXNativeTarget;
			buildConfigurationList = F09FC7B52C297DD800D88866 /* Build configuration list for PBXNativeTarget "SwiftUIConceptsTests" */;
			buildPhases = (
				F09FC79A2C297DD800D88866 /* Sources */,
				F09FC79B2C297DD800D88866 /* Frameworks */,
				F09FC79C2C297DD800D88866 /* Resources */,
			);
			buildRules = (
			);
			dependencies = (
				F09FC7A02C297DD800D88866 /* PBXTargetDependency */,
			);
			name = SwiftUIConceptsTests;
			productName = SwiftUIConceptsTests;
			productReference = F09FC79E2C297DD800D88866 /* SwiftUIConceptsTests.xctest */;
			productType = "com.apple.product-type.bundle.unit-test";
		};
		F09FC7A72C297DD800D88866 /* SwiftUIConceptsUITests */ = {
			isa = PBXNativeTarget;
			buildConfigurationList = F09FC7B82C297DD800D88866 /* Build configuration list for PBXNativeTarget "SwiftUIConceptsUITests" */;
			buildPhases = (
				F09FC7A42C297DD800D88866 /* Sources */,
				F09FC7A52C297DD800D88866 /* Frameworks */,
				F09FC7A62C297DD800D88866 /* Resources */,
			);
			buildRules = (
			);
			dependencies = (
				F09FC7AA2C297DD800D88866 /* PBXTargetDependency */,
			);
			name = SwiftUIConceptsUITests;
			productName = SwiftUIConceptsUITests;
			productReference = F09FC7A82C297DD800D88866 /* SwiftUIConceptsUITests.xctest */;
			productType = "com.apple.product-type.bundle.ui-testing";
		};
/* End PBXNativeTarget section */

/* Begin PBXProject section */
		F09FC7862C297DD700D88866 /* Project object */ = {
			isa = PBXProject;
			attributes = {
				BuildIndependentTargetsInParallel = 1;
				LastSwiftUpdateCheck = 1500;
				LastUpgradeCheck = 1500;
				TargetAttributes = {
					F09FC78D2C297DD700D88866 = {
						CreatedOnToolsVersion = 15.0;
					};
					F09FC79D2C297DD800D88866 = {
						CreatedOnToolsVersion = 15.0;
						TestTargetID = F09FC78D2C297DD700D88866;
					};
					F09FC7A72C297DD800D88866 = {
						CreatedOnToolsVersion = 15.0;
						TestTargetID = F09FC78D2C297DD700D88866;
					};
				};
			};
			buildConfigurationList = F09FC7892C297DD700D88866 /* Build configuration list for PBXProject "SwiftUIConcepts" */;
			compatibilityVersion = "Xcode 14.0";
			developmentRegion = en;
			hasScannedForEncodings = 0;
			knownRegions = (
				en,
				Base,
			);
			mainGroup = F09FC7852C297DD700D88866;
			productRefGroup = F09FC78F2C297DD700D88866 /* Products */;
			projectDirPath = "";
			projectRoot = "";
			targets = (
				F09FC78D2C297DD700D88866 /* SwiftUIConcepts */,
				F09FC79D2C297DD800D88866 /* SwiftUIConceptsTests */,
				F09FC7A72C297DD800D88866 /* SwiftUIConceptsUITests */,
			);
		};
/* End PBXProject section */

/* Begin PBXResourcesBuildPhase section */
		F09FC78C2C297DD700D88866 /* Resources */ = {
			isa = PBXResourcesBuildPhase;
			buildActionMask = 2147483647;
			files = (
				F09FC7992C297DD800D88866 /* Preview Assets.xcassets in Resources */,
				F09FC7962C297DD800D88866 /* Assets.xcassets in Resources */,
			);
			runOnlyForDeploymentPostprocessing = 0;
		};
		F09FC79C2C297DD800D88866 /* Resources */ = {
			isa = PBXResourcesBuildPhase;
			buildActionMask = 2147483647;
			files = (
			);
			runOnlyForDeploymentPostprocessing = 0;
		};
		F09FC7A62C297DD800D88866 /* Resources */ = {
			isa = PBXResourcesBuildPhase;
			buildActionMask = 2147483647;
			files = (
			);
			runOnlyForDeploymentPostprocessing = 0;
		};
/* End PBXResourcesBuildPhase section */

/* Begin PBXSourcesBuildPhase section */
		F09FC78A2C297DD700D88866 /* Sources */ = {
			isa = PBXSourcesBuildPhase;
			buildActionMask = 2147483647;
			files = (
				F0D11F092C3E4EC7001C866E /* navigationVC.swift in Sources */,
				F09FC7BD2C297E6200D88866 /* NetworkManager.swift in Sources */,
				F0D7BCA12C3FBB1E0034779C /* PickerVC.swift in Sources */,
				F0D7BC9B2C3F99B50034779C /* TextfieldVC.swift in Sources */,
				F09FC7942C297DD700D88866 /* ContentView.swift in Sources */,
				F0F6A8322C3CFAD6002BD693 /* StateVC.swift in Sources */,
				F09FC7922C297DD700D88866 /* SwiftUIConceptsApp.swift in Sources */,
				F0D2843A2C3C0EE10009CFB7 /* ButtonVC.swift in Sources */,
				F0D284302C3BFC790009CFB7 /* ForEachBootcamp.swift in Sources */,
				F01BAEEA2C3D541C009D6289 /* TransistionVC.swift in Sources */,
				F0D7BC9F2C3FB7D00034779C /* ToggleVC.swift in Sources */,
				F0D284382C3C09520009CFB7 /* SafeAreaVC.swift in Sources */,
				F01BAEEE2C3D60BF009D6289 /* SheetanimationVC.swift in Sources */,
				F0D11F132C3E7A00001C866E /* ActionSheetVC.swift in Sources */,
				F0D7BCA52C3FC8190034779C /* ColorPickerVC.swift in Sources */,
				F0D11F0B2C3E6406001C866E /* ListVC.swift in Sources */,
				F0F6A8342C3D0845002BD693 /* ViewVC.swift in Sources */,
				F0D284362C3C04710009CFB7 /* GridViewVC.swift in Sources */,
				F0D11F0F2C3E749A001C866E /* AlertVC.swift in Sources */,
				F01BAEEC2C3D5B7A009D6289 /* SheetVC.swift in Sources */,
				F01BAEE52C3D341A009D6289 /* IfelseVC.swift in Sources */,
				F0D7BC9D2C3FA2FE0034779C /* TextEditorVC.swift in Sources */,
				F0D284322C3BFF150009CFB7 /* ScrollViewVC.swift in Sources */,
				F01BAEE72C3D3CF0009D6289 /* AnimationVC.swift in Sources */,
				F0D11F172C3E903F001C866E /* ContextMenu.swift in Sources */,
				F09FC7C02C2986DD00D88866 /* ProductModel.swift in Sources */,
				F01BAEE32C3D29D9009D6289 /* BindingVC.swift in Sources */,
			);
			runOnlyForDeploymentPostprocessing = 0;
		};
		F09FC79A2C297DD800D88866 /* Sources */ = {
			isa = PBXSourcesBuildPhase;
			buildActionMask = 2147483647;
			files = (
				F09FC7A32C297DD800D88866 /* SwiftUIConceptsTests.swift in Sources */,
			);
			runOnlyForDeploymentPostprocessing = 0;
		};
		F09FC7A42C297DD800D88866 /* Sources */ = {
			isa = PBXSourcesBuildPhase;
			buildActionMask = 2147483647;
			files = (
				F09FC7AD2C297DD800D88866 /* SwiftUIConceptsUITests.swift in Sources */,
				F09FC7AF2C297DD800D88866 /* SwiftUIConceptsUITestsLaunchTests.swift in Sources */,
			);
			runOnlyForDeploymentPostprocessing = 0;
		};
/* End PBXSourcesBuildPhase section */

/* Begin PBXTargetDependency section */
		F09FC7A02C297DD800D88866 /* PBXTargetDependency */ = {
			isa = PBXTargetDependency;
			target = F09FC78D2C297DD700D88866 /* SwiftUIConcepts */;
			targetProxy = F09FC79F2C297DD800D88866 /* PBXContainerItemProxy */;
		};
		F09FC7AA2C297DD800D88866 /* PBXTargetDependency */ = {
			isa = PBXTargetDependency;
			target = F09FC78D2C297DD700D88866 /* SwiftUIConcepts */;
			targetProxy = F09FC7A92C297DD800D88866 /* PBXContainerItemProxy */;
		};
/* End PBXTargetDependency section */

/* Begin XCBuildConfiguration section */
		F09FC7B02C297DD800D88866 /* Debug */ = {
			isa = XCBuildConfiguration;
			buildSettings = {
				ALWAYS_SEARCH_USER_PATHS = NO;
				ASSETCATALOG_COMPILER_GENERATE_SWIFT_ASSET_SYMBOL_EXTENSIONS = YES;
				CLANG_ANALYZER_NONNULL = YES;
				CLANG_ANALYZER_NUMBER_OBJECT_CONVERSION = YES_AGGRESSIVE;
				CLANG_CXX_LANGUAGE_STANDARD = "gnu++20";
				CLANG_ENABLE_MODULES = YES;
				CLANG_ENABLE_OBJC_ARC = YES;
				CLANG_ENABLE_OBJC_WEAK = YES;
				CLANG_WARN_BLOCK_CAPTURE_AUTORELEASING = YES;
				CLANG_WARN_BOOL_CONVERSION = YES;
				CLANG_WARN_COMMA = YES;
				CLANG_WARN_CONSTANT_CONVERSION = YES;
				CLANG_WARN_DEPRECATED_OBJC_IMPLEMENTATIONS = YES;
				CLANG_WARN_DIRECT_OBJC_ISA_USAGE = YES_ERROR;
				CLANG_WARN_DOCUMENTATION_COMMENTS = YES;
				CLANG_WARN_EMPTY_BODY = YES;
				CLANG_WARN_ENUM_CONVERSION = YES;
				CLANG_WARN_INFINITE_RECURSION = YES;
				CLANG_WARN_INT_CONVERSION = YES;
				CLANG_WARN_NON_LITERAL_NULL_CONVERSION = YES;
				CLANG_WARN_OBJC_IMPLICIT_RETAIN_SELF = YES;
				CLANG_WARN_OBJC_LITERAL_CONVERSION = YES;
				CLANG_WARN_OBJC_ROOT_CLASS = YES_ERROR;
				CLANG_WARN_QUOTED_INCLUDE_IN_FRAMEWORK_HEADER = YES;
				CLANG_WARN_RANGE_LOOP_ANALYSIS = YES;
				CLANG_WARN_STRICT_PROTOTYPES = YES;
				CLANG_WARN_SUSPICIOUS_MOVE = YES;
				CLANG_WARN_UNGUARDED_AVAILABILITY = YES_AGGRESSIVE;
				CLANG_WARN_UNREACHABLE_CODE = YES;
				CLANG_WARN__DUPLICATE_METHOD_MATCH = YES;
				COPY_PHASE_STRIP = NO;
				DEBUG_INFORMATION_FORMAT = dwarf;
				ENABLE_STRICT_OBJC_MSGSEND = YES;
				ENABLE_TESTABILITY = YES;
				ENABLE_USER_SCRIPT_SANDBOXING = YES;
				GCC_C_LANGUAGE_STANDARD = gnu17;
				GCC_DYNAMIC_NO_PIC = NO;
				GCC_NO_COMMON_BLOCKS = YES;
				GCC_OPTIMIZATION_LEVEL = 0;
				GCC_PREPROCESSOR_DEFINITIONS = (
					"DEBUG=1",
					"$(inherited)",
				);
				GCC_WARN_64_TO_32_BIT_CONVERSION = YES;
				GCC_WARN_ABOUT_RETURN_TYPE = YES_ERROR;
				GCC_WARN_UNDECLARED_SELECTOR = YES;
				GCC_WARN_UNINITIALIZED_AUTOS = YES_AGGRESSIVE;
				GCC_WARN_UNUSED_FUNCTION = YES;
				GCC_WARN_UNUSED_VARIABLE = YES;
				IPHONEOS_DEPLOYMENT_TARGET = 17.0;
				LOCALIZATION_PREFERS_STRING_CATALOGS = YES;
				MTL_ENABLE_DEBUG_INFO = INCLUDE_SOURCE;
				MTL_FAST_MATH = YES;
				ONLY_ACTIVE_ARCH = YES;
				SDKROOT = iphoneos;
				SWIFT_ACTIVE_COMPILATION_CONDITIONS = "DEBUG $(inherited)";
				SWIFT_OPTIMIZATION_LEVEL = "-Onone";
			};
			name = Debug;
		};
		F09FC7B12C297DD800D88866 /* Release */ = {
			isa = XCBuildConfiguration;
			buildSettings = {
				ALWAYS_SEARCH_USER_PATHS = NO;
				ASSETCATALOG_COMPILER_GENERATE_SWIFT_ASSET_SYMBOL_EXTENSIONS = YES;
				CLANG_ANALYZER_NONNULL = YES;
				CLANG_ANALYZER_NUMBER_OBJECT_CONVERSION = YES_AGGRESSIVE;
				CLANG_CXX_LANGUAGE_STANDARD = "gnu++20";
				CLANG_ENABLE_MODULES = YES;
				CLANG_ENABLE_OBJC_ARC = YES;
				CLANG_ENABLE_OBJC_WEAK = YES;
				CLANG_WARN_BLOCK_CAPTURE_AUTORELEASING = YES;
				CLANG_WARN_BOOL_CONVERSION = YES;
				CLANG_WARN_COMMA = YES;
				CLANG_WARN_CONSTANT_CONVERSION = YES;
				CLANG_WARN_DEPRECATED_OBJC_IMPLEMENTATIONS = YES;
				CLANG_WARN_DIRECT_OBJC_ISA_USAGE = YES_ERROR;
				CLANG_WARN_DOCUMENTATION_COMMENTS = YES;
				CLANG_WARN_EMPTY_BODY = YES;
				CLANG_WARN_ENUM_CONVERSION = YES;
				CLANG_WARN_INFINITE_RECURSION = YES;
				CLANG_WARN_INT_CONVERSION = YES;
				CLANG_WARN_NON_LITERAL_NULL_CONVERSION = YES;
				CLANG_WARN_OBJC_IMPLICIT_RETAIN_SELF = YES;
				CLANG_WARN_OBJC_LITERAL_CONVERSION = YES;
				CLANG_WARN_OBJC_ROOT_CLASS = YES_ERROR;
				CLANG_WARN_QUOTED_INCLUDE_IN_FRAMEWORK_HEADER = YES;
				CLANG_WARN_RANGE_LOOP_ANALYSIS = YES;
				CLANG_WARN_STRICT_PROTOTYPES = YES;
				CLANG_WARN_SUSPICIOUS_MOVE = YES;
				CLANG_WARN_UNGUARDED_AVAILABILITY = YES_AGGRESSIVE;
				CLANG_WARN_UNREACHABLE_CODE = YES;
				CLANG_WARN__DUPLICATE_METHOD_MATCH = YES;
				COPY_PHASE_STRIP = NO;
				DEBUG_INFORMATION_FORMAT = "dwarf-with-dsym";
				ENABLE_NS_ASSERTIONS = NO;
				ENABLE_STRICT_OBJC_MSGSEND = YES;
				ENABLE_USER_SCRIPT_SANDBOXING = YES;
				GCC_C_LANGUAGE_STANDARD = gnu17;
				GCC_NO_COMMON_BLOCKS = YES;
				GCC_WARN_64_TO_32_BIT_CONVERSION = YES;
				GCC_WARN_ABOUT_RETURN_TYPE = YES_ERROR;
				GCC_WARN_UNDECLARED_SELECTOR = YES;
				GCC_WARN_UNINITIALIZED_AUTOS = YES_AGGRESSIVE;
				GCC_WARN_UNUSED_FUNCTION = YES;
				GCC_WARN_UNUSED_VARIABLE = YES;
				IPHONEOS_DEPLOYMENT_TARGET = 17.0;
				LOCALIZATION_PREFERS_STRING_CATALOGS = YES;
				MTL_ENABLE_DEBUG_INFO = NO;
				MTL_FAST_MATH = YES;
				SDKROOT = iphoneos;
				SWIFT_COMPILATION_MODE = wholemodule;
				VALIDATE_PRODUCT = YES;
			};
			name = Release;
		};
		F09FC7B32C297DD800D88866 /* Debug */ = {
			isa = XCBuildConfiguration;
			buildSettings = {
				ASSETCATALOG_COMPILER_APPICON_NAME = AppIcon;
				ASSETCATALOG_COMPILER_GLOBAL_ACCENT_COLOR_NAME = AccentColor;
				CODE_SIGN_ENTITLEMENTS = SwiftUIConcepts/SwiftUIConcepts.entitlements;
				CODE_SIGN_STYLE = Manual;
				CURRENT_PROJECT_VERSION = 1;
				DEVELOPMENT_ASSET_PATHS = "\"SwiftUIConcepts/Preview Content\"";
				DEVELOPMENT_TEAM = "";
				ENABLE_PREVIEWS = YES;
				GENERATE_INFOPLIST_FILE = YES;
				INFOPLIST_KEY_UIApplicationSceneManifest_Generation = YES;
				INFOPLIST_KEY_UIApplicationSupportsIndirectInputEvents = YES;
				INFOPLIST_KEY_UILaunchScreen_Generation = YES;
				INFOPLIST_KEY_UIStatusBarStyle = "";
				INFOPLIST_KEY_UISupportedInterfaceOrientations = "UIInterfaceOrientationLandscapeLeft UIInterfaceOrientationLandscapeRight UIInterfaceOrientationPortrait UIInterfaceOrientationPortraitUpsideDown";
				IPHONEOS_DEPLOYMENT_TARGET = 14.0;
				LD_RUNPATH_SEARCH_PATHS = (
					"$(inherited)",
					"@executable_path/Frameworks",
				);
				MARKETING_VERSION = 1.0;
				PRODUCT_BUNDLE_IDENTIFIER = com.pk.SwiftUIConcepts;
				PRODUCT_NAME = "$(TARGET_NAME)";
				PROVISIONING_PROFILE_SPECIFIER = "";
				SWIFT_EMIT_LOC_STRINGS = YES;
				SWIFT_VERSION = 5.0;
				TARGETED_DEVICE_FAMILY = "1,2";
			};
			name = Debug;
		};
		F09FC7B42C297DD800D88866 /* Release */ = {
			isa = XCBuildConfiguration;
			buildSettings = {
				ASSETCATALOG_COMPILER_APPICON_NAME = AppIcon;
				ASSETCATALOG_COMPILER_GLOBAL_ACCENT_COLOR_NAME = AccentColor;
				CODE_SIGN_ENTITLEMENTS = SwiftUIConcepts/SwiftUIConcepts.entitlements;
				CODE_SIGN_STYLE = Manual;
				CURRENT_PROJECT_VERSION = 1;
				DEVELOPMENT_ASSET_PATHS = "\"SwiftUIConcepts/Preview Content\"";
				DEVELOPMENT_TEAM = "";
				ENABLE_PREVIEWS = YES;
				GENERATE_INFOPLIST_FILE = YES;
				INFOPLIST_KEY_UIApplicationSceneManifest_Generation = YES;
				INFOPLIST_KEY_UIApplicationSupportsIndirectInputEvents = YES;
				INFOPLIST_KEY_UILaunchScreen_Generation = YES;
				INFOPLIST_KEY_UIStatusBarStyle = "";
				INFOPLIST_KEY_UISupportedInterfaceOrientations = "UIInterfaceOrientationLandscapeLeft UIInterfaceOrientationLandscapeRight UIInterfaceOrientationPortrait UIInterfaceOrientationPortraitUpsideDown";
				IPHONEOS_DEPLOYMENT_TARGET = 14.0;
				LD_RUNPATH_SEARCH_PATHS = (
					"$(inherited)",
					"@executable_path/Frameworks",
				);
				MARKETING_VERSION = 1.0;
				PRODUCT_BUNDLE_IDENTIFIER = com.pk.SwiftUIConcepts;
				PRODUCT_NAME = "$(TARGET_NAME)";
				PROVISIONING_PROFILE_SPECIFIER = "";
				SWIFT_EMIT_LOC_STRINGS = YES;
				SWIFT_VERSION = 5.0;
				TARGETED_DEVICE_FAMILY = "1,2";
			};
			name = Release;
		};
		F09FC7B62C297DD800D88866 /* Debug */ = {
			isa = XCBuildConfiguration;
			buildSettings = {
				ALWAYS_EMBED_SWIFT_STANDARD_LIBRARIES = YES;
				BUNDLE_LOADER = "$(TEST_HOST)";
				CODE_SIGN_STYLE = Automatic;
				CURRENT_PROJECT_VERSION = 1;
				GENERATE_INFOPLIST_FILE = YES;
				IPHONEOS_DEPLOYMENT_TARGET = 17.0;
				MARKETING_VERSION = 1.0;
				PRODUCT_BUNDLE_IDENTIFIER = com.pk.SwiftUIConceptsTests;
				PRODUCT_NAME = "$(TARGET_NAME)";
				SWIFT_EMIT_LOC_STRINGS = NO;
				SWIFT_VERSION = 5.0;
				TARGETED_DEVICE_FAMILY = "1,2";
				TEST_HOST = "$(BUILT_PRODUCTS_DIR)/SwiftUIConcepts.app/$(BUNDLE_EXECUTABLE_FOLDER_PATH)/SwiftUIConcepts";
			};
			name = Debug;
		};
		F09FC7B72C297DD800D88866 /* Release */ = {
			isa = XCBuildConfiguration;
			buildSettings = {
				ALWAYS_EMBED_SWIFT_STANDARD_LIBRARIES = YES;
				BUNDLE_LOADER = "$(TEST_HOST)";
				CODE_SIGN_STYLE = Automatic;
				CURRENT_PROJECT_VERSION = 1;
				GENERATE_INFOPLIST_FILE = YES;
				IPHONEOS_DEPLOYMENT_TARGET = 17.0;
				MARKETING_VERSION = 1.0;
				PRODUCT_BUNDLE_IDENTIFIER = com.pk.SwiftUIConceptsTests;
				PRODUCT_NAME = "$(TARGET_NAME)";
				SWIFT_EMIT_LOC_STRINGS = NO;
				SWIFT_VERSION = 5.0;
				TARGETED_DEVICE_FAMILY = "1,2";
				TEST_HOST = "$(BUILT_PRODUCTS_DIR)/SwiftUIConcepts.app/$(BUNDLE_EXECUTABLE_FOLDER_PATH)/SwiftUIConcepts";
			};
			name = Release;
		};
		F09FC7B92C297DD800D88866 /* Debug */ = {
			isa = XCBuildConfiguration;
			buildSettings = {
				ALWAYS_EMBED_SWIFT_STANDARD_LIBRARIES = YES;
				CODE_SIGN_STYLE = Automatic;
				CURRENT_PROJECT_VERSION = 1;
				GENERATE_INFOPLIST_FILE = YES;
				MARKETING_VERSION = 1.0;
				PRODUCT_BUNDLE_IDENTIFIER = com.pk.SwiftUIConceptsUITests;
				PRODUCT_NAME = "$(TARGET_NAME)";
				SWIFT_EMIT_LOC_STRINGS = NO;
				SWIFT_VERSION = 5.0;
				TARGETED_DEVICE_FAMILY = "1,2";
				TEST_TARGET_NAME = SwiftUIConcepts;
			};
			name = Debug;
		};
		F09FC7BA2C297DD800D88866 /* Release */ = {
			isa = XCBuildConfiguration;
			buildSettings = {
				ALWAYS_EMBED_SWIFT_STANDARD_LIBRARIES = YES;
				CODE_SIGN_STYLE = Automatic;
				CURRENT_PROJECT_VERSION = 1;
				GENERATE_INFOPLIST_FILE = YES;
				MARKETING_VERSION = 1.0;
				PRODUCT_BUNDLE_IDENTIFIER = com.pk.SwiftUIConceptsUITests;
				PRODUCT_NAME = "$(TARGET_NAME)";
				SWIFT_EMIT_LOC_STRINGS = NO;
				SWIFT_VERSION = 5.0;
				TARGETED_DEVICE_FAMILY = "1,2";
				TEST_TARGET_NAME = SwiftUIConcepts;
			};
			name = Release;
		};
/* End XCBuildConfiguration section */

/* Begin XCConfigurationList section */
		F09FC7892C297DD700D88866 /* Build configuration list for PBXProject "SwiftUIConcepts" */ = {
			isa = XCConfigurationList;
			buildConfigurations = (
				F09FC7B02C297DD800D88866 /* Debug */,
				F09FC7B12C297DD800D88866 /* Release */,
			);
			defaultConfigurationIsVisible = 0;
			defaultConfigurationName = Release;
		};
		F09FC7B22C297DD800D88866 /* Build configuration list for PBXNativeTarget "SwiftUIConcepts" */ = {
			isa = XCConfigurationList;
			buildConfigurations = (
				F09FC7B32C297DD800D88866 /* Debug */,
				F09FC7B42C297DD800D88866 /* Release */,
			);
			defaultConfigurationIsVisible = 0;
			defaultConfigurationName = Release;
		};
		F09FC7B52C297DD800D88866 /* Build configuration list for PBXNativeTarget "SwiftUIConceptsTests" */ = {
			isa = XCConfigurationList;
			buildConfigurations = (
				F09FC7B62C297DD800D88866 /* Debug */,
				F09FC7B72C297DD800D88866 /* Release */,
			);
			defaultConfigurationIsVisible = 0;
			defaultConfigurationName = Release;
		};
		F09FC7B82C297DD800D88866 /* Build configuration list for PBXNativeTarget "SwiftUIConceptsUITests" */ = {
			isa = XCConfigurationList;
			buildConfigurations = (
				F09FC7B92C297DD800D88866 /* Debug */,
				F09FC7BA2C297DD800D88866 /* Release */,
			);
			defaultConfigurationIsVisible = 0;
			defaultConfigurationName = Release;
		};
/* End XCConfigurationList section */
	};
	rootObject = F09FC7862C297DD700D88866 /* Project object */;
}
